
Microsoft Visual Studio Solution File, Format Version 12.00
# Visual Studio 15
VisualStudioVersion = 15.0.27130.2010
MinimumVisualStudioVersion = 10.0.40219.1
Project("{FAE04EC0-301F-11D3-BF4B-00C04F79EFBC}") = "Udp Reciever Template", "Eksamens Template\Udp Reciever Template.csproj", "{C91C7BA0-BE32-4B53-9104-60F46174D38D}"
EndProject
Project("{FAE04EC0-301F-11D3-BF4B-00C04F79EFBC}") = "Udp Sender Template", "Udp Sender Template\Udp Sender Template.csproj", "{598806E4-5787-480D-8CB1-01FEF85456C1}"
EndProject
Project("{FAE04EC0-301F-11D3-BF4B-00C04F79EFBC}") = "TCP Client Template", "TCP Client Template\TCP Client Template.csproj", "{04F0A936-B8BA-43CE-9817-AB6299F5461B}"
EndProject
Project("{FAE04EC0-301F-11D3-BF4B-00C04F79EFBC}") = "TCP Server Template", "TCP Server Template\TCP Server Template.csproj", "{91E45EFF-7D00-4461-A67C-3D450CACB1DE}"
EndProject
Project("{FAE04EC0-301F-11D3-BF4B-00C04F79EFBC}") = "Soap Service Template", "Soap Service Template\Soap Service Template.csproj", "{EE223B6E-337F-4F70-8CAF-BC08E729921A}"
EndProject
Global
	GlobalSection(SolutionConfigurationPlatforms) = preSolution
		Debug|Any CPU = Debug|Any CPU
		Release|Any CPU = Release|Any CPU
	EndGlobalSection
	GlobalSection(ProjectConfigurationPlatforms) = postSolution
		{C91C7BA0-BE32-4B53-9104-60F46174D38D}.Debug|Any CPU.ActiveCfg = Debug|Any CPU
		{C91C7BA0-BE32-4B53-9104-60F46174D38D}.Debug|Any CPU.Build.0 = Debug|Any CPU
		{C91C7BA0-BE32-4B53-9104-60F46174D38D}.Release|Any CPU.ActiveCfg = Release|Any CPU
		{C91C7BA0-BE32-4B53-9104-60F46174D38D}.Release|Any CPU.Build.0 = Release|Any CPU
		{598806E4-5787-480D-8CB1-01FEF85456C1}.Debug|Any CPU.ActiveCfg = Debug|Any CPU
		{598806E4-5787-480D-8CB1-01FEF85456C1}.Debug|Any CPU.Build.0 = Debug|Any CPU
		{598806E4-5787-480D-8CB1-01FEF85456C1}.Release|Any CPU.ActiveCfg = Release|Any CPU
		{598806E4-5787-480D-8CB1-01FEF85456C1}.Release|Any CPU.Build.0 = Release|Any CPU
		{04F0A936-B8BA-43CE-9817-AB6299F5461B}.Debug|Any CPU.ActiveCfg = Debug|Any CPU
		{04F0A936-B8BA-43CE-9817-AB6299F5461B}.Debug|Any CPU.Build.0 = Debug|Any CPU
		{04F0A936-B8BA-43CE-9817-AB6299F5461B}.Release|Any CPU.ActiveCfg = Release|Any CPU
		{04F0A936-B8BA-43CE-9817-AB6299F5461B}.Release|Any CPU.Build.0 = Release|Any CPU
		{91E45EFF-7D00-4461-A67C-3D450CACB1DE}.Debug|Any CPU.ActiveCfg = Debug|Any CPU
		{91E45EFF-7D00-4461-A67C-3D450CACB1DE}.Debug|Any CPU.Build.0 = Debug|Any CPU
		{91E45EFF-7D00-4461-A67C-3D450CACB1DE}.Release|Any CPU.ActiveCfg = Release|Any CPU
		{91E45EFF-7D00-4461-A67C-3D450CACB1DE}.Release|Any CPU.Build.0 = Release|Any CPU
		{EE223B6E-337F-4F70-8CAF-BC08E729921A}.Debug|Any CPU.ActiveCfg = Debug|Any CPU
		{EE223B6E-337F-4F70-8CAF-BC08E729921A}.Debug|Any CPU.Build.0 = Debug|Any CPU
		{EE223B6E-337F-4F70-8CAF-BC08E729921A}.Release|Any CPU.ActiveCfg = Release|Any CPU
		{EE223B6E-337F-4F70-8CAF-BC08E729921A}.Release|Any CPU.Build.0 = Release|Any CPU
	EndGlobalSection
	GlobalSection(SolutionProperties) = preSolution
		HideSolutionNode = FALSE
	EndGlobalSection
	GlobalSection(ExtensibilityGlobals) = postSolution
		SolutionGuid = {AEAF9263-5122-4648-AAAB-C383E27D9229}
	EndGlobalSection
EndGlobal
